
Microsoft Visual Studio Solution File, Format Version 12.00
# Visual Studio 15
VisualStudioVersion = 15.0.28307.438
MinimumVisualStudioVersion = 10.0.40219.1
Project("{FAE04EC0-301F-11D3-BF4B-00C04F79EFBC}") = "Ch12Ex02", "Ch12Ex02\Ch12Ex02.csproj", "{831B071C-1C9C-4D28-B930-A3E7159BB4D1}"
EndProject
Global
	GlobalSection(SolutionConfigurationPlatforms) = preSolution
		Debug|Any CPU = Debug|Any CPU
		Release|Any CPU = Release|Any CPU
	EndGlobalSection
	GlobalSection(ProjectConfigurationPlatforms) = postSolution
		{831B071C-1C9C-4D28-B930-A3E7159BB4D1}.Debug|Any CPU.ActiveCfg = Debug|Any CPU
		{831B071C-1C9C-4D28-B930-A3E7159BB4D1}.Debug|Any CPU.Build.0 = Debug|Any CPU
		{831B071C-1C9C-4D28-B930-A3E7159BB4D1}.Release|Any CPU.ActiveCfg = Release|Any CPU
		{831B071C-1C9C-4D28-B930-A3E7159BB4D1}.Release|Any CPU.Build.0 = Release|Any CPU
	EndGlobalSection
	GlobalSection(SolutionProperties) = preSolution
		HideSolutionNode = FALSE
	EndGlobalSection
	GlobalSection(ExtensibilityGlobals) = postSolution
		SolutionGuid = {EE38E8FC-7FF2-490D-BB3E-D21E091833B4}
	EndGlobalSection
EndGlobal
