
Microsoft Visual Studio Solution File, Format Version 12.00
# Visual Studio 15
VisualStudioVersion = 15.0.28307.438
MinimumVisualStudioVersion = 10.0.40219.1
Project("{FAE04EC0-301F-11D3-BF4B-00C04F79EFBC}") = "Ch12Ex01", "Ch12Ex01\Ch12Ex01.csproj", "{9A4DB152-2C77-4511-B221-FB261CE19CA3}"
EndProject
Global
	GlobalSection(SolutionConfigurationPlatforms) = preSolution
		Debug|Any CPU = Debug|Any CPU
		Release|Any CPU = Release|Any CPU
	EndGlobalSection
	GlobalSection(ProjectConfigurationPlatforms) = postSolution
		{9A4DB152-2C77-4511-B221-FB261CE19CA3}.Debug|Any CPU.ActiveCfg = Debug|Any CPU
		{9A4DB152-2C77-4511-B221-FB261CE19CA3}.Debug|Any CPU.Build.0 = Debug|Any CPU
		{9A4DB152-2C77-4511-B221-FB261CE19CA3}.Release|Any CPU.ActiveCfg = Release|Any CPU
		{9A4DB152-2C77-4511-B221-FB261CE19CA3}.Release|Any CPU.Build.0 = Release|Any CPU
	EndGlobalSection
	GlobalSection(SolutionProperties) = preSolution
		HideSolutionNode = FALSE
	EndGlobalSection
	GlobalSection(ExtensibilityGlobals) = postSolution
		SolutionGuid = {6257C0B4-BC55-4721-9F14-DF1E1D7F7EE8}
	EndGlobalSection
EndGlobal
