
Microsoft Visual Studio Solution File, Format Version 12.00
# Visual Studio 15
VisualStudioVersion = 15.0.28307.438
MinimumVisualStudioVersion = 10.0.40219.1
Project("{FAE04EC0-301F-11D3-BF4B-00C04F79EFBC}") = "exercise9.5", "exercise9.5\exercise9.5.csproj", "{084AAE01-D5D2-421B-A1DC-EAC93EAEA95A}"
EndProject
Global
	GlobalSection(SolutionConfigurationPlatforms) = preSolution
		Debug|Any CPU = Debug|Any CPU
		Release|Any CPU = Release|Any CPU
	EndGlobalSection
	GlobalSection(ProjectConfigurationPlatforms) = postSolution
		{084AAE01-D5D2-421B-A1DC-EAC93EAEA95A}.Debug|Any CPU.ActiveCfg = Debug|Any CPU
		{084AAE01-D5D2-421B-A1DC-EAC93EAEA95A}.Debug|Any CPU.Build.0 = Debug|Any CPU
		{084AAE01-D5D2-421B-A1DC-EAC93EAEA95A}.Release|Any CPU.ActiveCfg = Release|Any CPU
		{084AAE01-D5D2-421B-A1DC-EAC93EAEA95A}.Release|Any CPU.Build.0 = Release|Any CPU
	EndGlobalSection
	GlobalSection(SolutionProperties) = preSolution
		HideSolutionNode = FALSE
	EndGlobalSection
	GlobalSection(ExtensibilityGlobals) = postSolution
		SolutionGuid = {8B682775-5755-4934-B09B-2E84D824E5DB}
	EndGlobalSection
EndGlobal
