
Microsoft Visual Studio Solution File, Format Version 12.00
# Visual Studio 15
VisualStudioVersion = 15.0.28307.438
MinimumVisualStudioVersion = 10.0.40219.1
Project("{FAE04EC0-301F-11D3-BF4B-00C04F79EFBC}") = "Ch11CardLib", "Ch11CardLib\Ch11CardLib.csproj", "{D789E9F8-9CD8-4249-8332-877FF3970F77}"
EndProject
Project("{FAE04EC0-301F-11D3-BF4B-00C04F79EFBC}") = "Ch10CardClient", "..\..\Exercise10\Ch10CardLib\Ch10CardClient\Ch10CardClient.csproj", "{315B53E1-F860-4DDC-A5B0-F257999BAFA6}"
EndProject
Global
	GlobalSection(SolutionConfigurationPlatforms) = preSolution
		Debug|Any CPU = Debug|Any CPU
		Release|Any CPU = Release|Any CPU
	EndGlobalSection
	GlobalSection(ProjectConfigurationPlatforms) = postSolution
		{D789E9F8-9CD8-4249-8332-877FF3970F77}.Debug|Any CPU.ActiveCfg = Debug|Any CPU
		{D789E9F8-9CD8-4249-8332-877FF3970F77}.Debug|Any CPU.Build.0 = Debug|Any CPU
		{D789E9F8-9CD8-4249-8332-877FF3970F77}.Release|Any CPU.ActiveCfg = Release|Any CPU
		{D789E9F8-9CD8-4249-8332-877FF3970F77}.Release|Any CPU.Build.0 = Release|Any CPU
		{315B53E1-F860-4DDC-A5B0-F257999BAFA6}.Debug|Any CPU.ActiveCfg = Debug|Any CPU
		{315B53E1-F860-4DDC-A5B0-F257999BAFA6}.Debug|Any CPU.Build.0 = Debug|Any CPU
		{315B53E1-F860-4DDC-A5B0-F257999BAFA6}.Release|Any CPU.ActiveCfg = Release|Any CPU
		{315B53E1-F860-4DDC-A5B0-F257999BAFA6}.Release|Any CPU.Build.0 = Release|Any CPU
	EndGlobalSection
	GlobalSection(SolutionProperties) = preSolution
		HideSolutionNode = FALSE
	EndGlobalSection
	GlobalSection(ExtensibilityGlobals) = postSolution
		SolutionGuid = {B7DB46BC-096B-4B2F-80F1-4AB3584CA546}
	EndGlobalSection
EndGlobal
